
Microsoft Visual Studio Solution File, Format Version 12.00
# Visual Studio Version 17
VisualStudioVersion = 17.8.34330.188
MinimumVisualStudioVersion = 10.0.40219.1
Project("{FAE04EC0-301F-11D3-BF4B-00C04F79EFBC}") = "MyWebAPI", "MyWebAPI.csproj", "{30ECB8BE-B223-485E-9368-33D6BD86E315}"
EndProject
Global
	GlobalSection(SolutionConfigurationPlatforms) = preSolution
		Debug|Any CPU = Debug|Any CPU
		Release|Any CPU = Release|Any CPU
	EndGlobalSection
	GlobalSection(ProjectConfigurationPlatforms) = postSolution
		{30ECB8BE-B223-485E-9368-33D6BD86E315}.Debug|Any CPU.ActiveCfg = Debug|Any CPU
		{30ECB8BE-B223-485E-9368-33D6BD86E315}.Debug|Any CPU.Build.0 = Debug|Any CPU
		{30ECB8BE-B223-485E-9368-33D6BD86E315}.Release|Any CPU.ActiveCfg = Release|Any CPU
		{30ECB8BE-B223-485E-9368-33D6BD86E315}.Release|Any CPU.Build.0 = Release|Any CPU
	EndGlobalSection
	GlobalSection(SolutionProperties) = preSolution
		HideSolutionNode = FALSE
	EndGlobalSection
	GlobalSection(ExtensibilityGlobals) = postSolution
		SolutionGuid = {6231AD6E-19B7-4CDF-BBDA-55B3A4707CBB}
	EndGlobalSection
EndGlobal
